
Microsoft Visual Studio Solution File, Format Version 12.00
# Visual Studio Version 17
VisualStudioVersion = 17.0.32112.339
MinimumVisualStudioVersion = 10.0.40219.1
Project("{FAE04EC0-301F-11D3-BF4B-00C04F79EFBC}") = "Onoqua.Entities", "Onoqua.Entities\Onoqua.Entities.csproj", "{EF7DBF6D-BF03-4C39-974C-F09DC61784D2}"
EndProject
Project("{FAE04EC0-301F-11D3-BF4B-00C04F79EFBC}") = "A3.Common", "A3.Common\A3.Common.csproj", "{CA9D1A01-3590-4A9F-AC0E-273FE493188E}"
EndProject
Project("{FAE04EC0-301F-11D3-BF4B-00C04F79EFBC}") = "ConsoleApplication1", "ConsoleApplication1\ConsoleApplication1.csproj", "{84BDED9D-588C-490D-A1AB-816735400B89}"
EndProject
Project("{FAE04EC0-301F-11D3-BF4B-00C04F79EFBC}") = "A3.DataAccess", "A3.DataAccess\A3.DataAccess.csproj", "{F76EF441-FAD9-4342-9702-6B1C5E801736}"
EndProject
Project("{FAE04EC0-301F-11D3-BF4B-00C04F79EFBC}") = "A3", "A3\A3.csproj", "{4C1A0256-8D27-4452-BFEC-F97614BBAF23}"
EndProject
Project("{FAE04EC0-301F-11D3-BF4B-00C04F79EFBC}") = "Onoqua", "Onoqua\Onoqua.csproj", "{B34F0FFC-1897-4608-AD2A-4F2BDE1BBE22}"
EndProject
Project("{FAE04EC0-301F-11D3-BF4B-00C04F79EFBC}") = "A3.Model", "A3.Model\A3.Model.csproj", "{338E206F-C2CC-4914-B844-D9122EE3720A}"
EndProject
Project("{FAE04EC0-301F-11D3-BF4B-00C04F79EFBC}") = "EVDAL", "EVDAL\EVDAL.csproj", "{17E540F7-6E8B-45BA-A429-4B76D419A1F5}"
EndProject
Global
	GlobalSection(SolutionConfigurationPlatforms) = preSolution
		Debug|Any CPU = Debug|Any CPU
		Release|Any CPU = Release|Any CPU
	EndGlobalSection
	GlobalSection(ProjectConfigurationPlatforms) = postSolution
		{EF7DBF6D-BF03-4C39-974C-F09DC61784D2}.Debug|Any CPU.ActiveCfg = Debug|Any CPU
		{EF7DBF6D-BF03-4C39-974C-F09DC61784D2}.Debug|Any CPU.Build.0 = Debug|Any CPU
		{EF7DBF6D-BF03-4C39-974C-F09DC61784D2}.Release|Any CPU.ActiveCfg = Release|Any CPU
		{EF7DBF6D-BF03-4C39-974C-F09DC61784D2}.Release|Any CPU.Build.0 = Release|Any CPU
		{CA9D1A01-3590-4A9F-AC0E-273FE493188E}.Debug|Any CPU.ActiveCfg = Debug|Any CPU
		{CA9D1A01-3590-4A9F-AC0E-273FE493188E}.Debug|Any CPU.Build.0 = Debug|Any CPU
		{CA9D1A01-3590-4A9F-AC0E-273FE493188E}.Release|Any CPU.ActiveCfg = Release|Any CPU
		{CA9D1A01-3590-4A9F-AC0E-273FE493188E}.Release|Any CPU.Build.0 = Release|Any CPU
		{84BDED9D-588C-490D-A1AB-816735400B89}.Debug|Any CPU.ActiveCfg = Debug|Any CPU
		{84BDED9D-588C-490D-A1AB-816735400B89}.Debug|Any CPU.Build.0 = Debug|Any CPU
		{84BDED9D-588C-490D-A1AB-816735400B89}.Release|Any CPU.ActiveCfg = Release|Any CPU
		{84BDED9D-588C-490D-A1AB-816735400B89}.Release|Any CPU.Build.0 = Release|Any CPU
		{F76EF441-FAD9-4342-9702-6B1C5E801736}.Debug|Any CPU.ActiveCfg = Debug|Any CPU
		{F76EF441-FAD9-4342-9702-6B1C5E801736}.Debug|Any CPU.Build.0 = Debug|Any CPU
		{F76EF441-FAD9-4342-9702-6B1C5E801736}.Release|Any CPU.ActiveCfg = Release|Any CPU
		{F76EF441-FAD9-4342-9702-6B1C5E801736}.Release|Any CPU.Build.0 = Release|Any CPU
		{4C1A0256-8D27-4452-BFEC-F97614BBAF23}.Debug|Any CPU.ActiveCfg = Debug|Any CPU
		{4C1A0256-8D27-4452-BFEC-F97614BBAF23}.Debug|Any CPU.Build.0 = Debug|Any CPU
		{4C1A0256-8D27-4452-BFEC-F97614BBAF23}.Release|Any CPU.ActiveCfg = Release|Any CPU
		{4C1A0256-8D27-4452-BFEC-F97614BBAF23}.Release|Any CPU.Build.0 = Release|Any CPU
		{B34F0FFC-1897-4608-AD2A-4F2BDE1BBE22}.Debug|Any CPU.ActiveCfg = Debug|Any CPU
		{B34F0FFC-1897-4608-AD2A-4F2BDE1BBE22}.Debug|Any CPU.Build.0 = Debug|Any CPU
		{B34F0FFC-1897-4608-AD2A-4F2BDE1BBE22}.Release|Any CPU.ActiveCfg = Release|Any CPU
		{B34F0FFC-1897-4608-AD2A-4F2BDE1BBE22}.Release|Any CPU.Build.0 = Release|Any CPU
		{338E206F-C2CC-4914-B844-D9122EE3720A}.Debug|Any CPU.ActiveCfg = Debug|Any CPU
		{338E206F-C2CC-4914-B844-D9122EE3720A}.Debug|Any CPU.Build.0 = Debug|Any CPU
		{338E206F-C2CC-4914-B844-D9122EE3720A}.Release|Any CPU.ActiveCfg = Release|Any CPU
		{338E206F-C2CC-4914-B844-D9122EE3720A}.Release|Any CPU.Build.0 = Release|Any CPU
		{17E540F7-6E8B-45BA-A429-4B76D419A1F5}.Debug|Any CPU.ActiveCfg = Debug|Any CPU
		{17E540F7-6E8B-45BA-A429-4B76D419A1F5}.Debug|Any CPU.Build.0 = Debug|Any CPU
		{17E540F7-6E8B-45BA-A429-4B76D419A1F5}.Release|Any CPU.ActiveCfg = Release|Any CPU
		{17E540F7-6E8B-45BA-A429-4B76D419A1F5}.Release|Any CPU.Build.0 = Release|Any CPU
	EndGlobalSection
	GlobalSection(SolutionProperties) = preSolution
		HideSolutionNode = FALSE
	EndGlobalSection
	GlobalSection(ExtensibilityGlobals) = postSolution
		SolutionGuid = {24F11094-7E70-48F6-87A5-FB5F7F3B1A31}
	EndGlobalSection
EndGlobal
